
Microsoft Visual Studio Solution File, Format Version 12.00
# Visual Studio Version 17
VisualStudioVersion = 17.0.32112.339
MinimumVisualStudioVersion = 10.0.40219.1
Project("{FAE04EC0-301F-11D3-BF4B-00C04F79EFBC}") = "Proxy", "..\..\..\..\source\repos\eiin839\Proxy\Proxy\Proxy.csproj", "{35809645-2E79-48A2-AE8F-58B01B941FCF}"
EndProject
Project("{FAE04EC0-301F-11D3-BF4B-00C04F79EFBC}") = "HeavyClientproject", "..\..\..\..\source\repos\eiin839\HeavyClient\HeavyClientproject\HeavyClientproject.csproj", "{D6BCE9D7-F639-4A84-9B9E-438034564CFB}"
EndProject
Project("{FAE04EC0-301F-11D3-BF4B-00C04F79EFBC}") = "MINI-projet", "..\..\..\..\source\repos\eiin839\MINI-projet\MINI-projet\MINI-projet.csproj", "{EE391360-D3D0-45E1-A104-3B677AF5C87B}"
EndProject
Project("{FAE04EC0-301F-11D3-BF4B-00C04F79EFBC}") = "ServeurRouting", "..\..\..\..\source\repos\eiin839\MINI_PROJECT\ServeurRouting\ServeurRouting.csproj", "{DC2822CF-1AD7-4F27-9F72-E9BA43A4C582}"
EndProject
Global
	GlobalSection(SolutionConfigurationPlatforms) = preSolution
		Debug|Any CPU = Debug|Any CPU
		Release|Any CPU = Release|Any CPU
	EndGlobalSection
	GlobalSection(ProjectConfigurationPlatforms) = postSolution
		{35809645-2E79-48A2-AE8F-58B01B941FCF}.Debug|Any CPU.ActiveCfg = Debug|Any CPU
		{35809645-2E79-48A2-AE8F-58B01B941FCF}.Debug|Any CPU.Build.0 = Debug|Any CPU
		{35809645-2E79-48A2-AE8F-58B01B941FCF}.Release|Any CPU.ActiveCfg = Release|Any CPU
		{35809645-2E79-48A2-AE8F-58B01B941FCF}.Release|Any CPU.Build.0 = Release|Any CPU
		{D6BCE9D7-F639-4A84-9B9E-438034564CFB}.Debug|Any CPU.ActiveCfg = Debug|Any CPU
		{D6BCE9D7-F639-4A84-9B9E-438034564CFB}.Debug|Any CPU.Build.0 = Debug|Any CPU
		{D6BCE9D7-F639-4A84-9B9E-438034564CFB}.Release|Any CPU.ActiveCfg = Release|Any CPU
		{D6BCE9D7-F639-4A84-9B9E-438034564CFB}.Release|Any CPU.Build.0 = Release|Any CPU
		{EE391360-D3D0-45E1-A104-3B677AF5C87B}.Debug|Any CPU.ActiveCfg = Debug|Any CPU
		{EE391360-D3D0-45E1-A104-3B677AF5C87B}.Debug|Any CPU.Build.0 = Debug|Any CPU
		{EE391360-D3D0-45E1-A104-3B677AF5C87B}.Release|Any CPU.ActiveCfg = Release|Any CPU
		{EE391360-D3D0-45E1-A104-3B677AF5C87B}.Release|Any CPU.Build.0 = Release|Any CPU
		{DC2822CF-1AD7-4F27-9F72-E9BA43A4C582}.Debug|Any CPU.ActiveCfg = Debug|Any CPU
		{DC2822CF-1AD7-4F27-9F72-E9BA43A4C582}.Debug|Any CPU.Build.0 = Debug|Any CPU
		{DC2822CF-1AD7-4F27-9F72-E9BA43A4C582}.Release|Any CPU.ActiveCfg = Release|Any CPU
		{DC2822CF-1AD7-4F27-9F72-E9BA43A4C582}.Release|Any CPU.Build.0 = Release|Any CPU
	EndGlobalSection
	GlobalSection(SolutionProperties) = preSolution
		HideSolutionNode = FALSE
	EndGlobalSection
	GlobalSection(ExtensibilityGlobals) = postSolution
		SolutionGuid = {855077EB-0B8F-4466-8CF5-2C1D291A1B3F}
	EndGlobalSection
EndGlobal
